
Microsoft Visual Studio Solution File, Format Version 12.00
# Visual Studio Version 17
VisualStudioVersion = 17.1.32421.90
MinimumVisualStudioVersion = 10.0.40219.1
Project("{FAE04EC0-301F-11D3-BF4B-00C04F79EFBC}") = "SomeSampleAsync", "SomeSampleAsync\SomeSampleAsync.csproj", "{AE452E4C-4B61-4DC7-BC2B-55B69DC37C0B}"
EndProject
Global
	GlobalSection(SolutionConfigurationPlatforms) = preSolution
		Debug|Any CPU = Debug|Any CPU
		Release|Any CPU = Release|Any CPU
	EndGlobalSection
	GlobalSection(ProjectConfigurationPlatforms) = postSolution
		{AE452E4C-4B61-4DC7-BC2B-55B69DC37C0B}.Debug|Any CPU.ActiveCfg = Debug|Any CPU
		{AE452E4C-4B61-4DC7-BC2B-55B69DC37C0B}.Debug|Any CPU.Build.0 = Debug|Any CPU
		{AE452E4C-4B61-4DC7-BC2B-55B69DC37C0B}.Release|Any CPU.ActiveCfg = Release|Any CPU
		{AE452E4C-4B61-4DC7-BC2B-55B69DC37C0B}.Release|Any CPU.Build.0 = Release|Any CPU
	EndGlobalSection
	GlobalSection(SolutionProperties) = preSolution
		HideSolutionNode = FALSE
	EndGlobalSection
	GlobalSection(ExtensibilityGlobals) = postSolution
		SolutionGuid = {9B25E292-83C3-4DD6-B79B-CC0DCCCEF3E9}
	EndGlobalSection
EndGlobal
