
Microsoft Visual Studio Solution File, Format Version 12.00
# Visual Studio Version 17
VisualStudioVersion = 17.1.32421.90
MinimumVisualStudioVersion = 10.0.40219.1
Project("{9A19103F-16F7-4668-BE54-9A1E7A4F7556}") = "SomeSampleAsync", "SomeSampleAsync\SomeSampleAsync.csproj", "{AE452E4C-4B61-4DC7-BC2B-55B69DC37C0B}"
EndProject
Project("{9A19103F-16F7-4668-BE54-9A1E7A4F7556}") = "Exercice1", "Exercice1\Exercice1.csproj", "{9415C67E-B82E-4BE4-98A9-4D50A00DA879}"
EndProject
Project("{9A19103F-16F7-4668-BE54-9A1E7A4F7556}") = "BreakfastPreparation", "BreakfastPreparation\BreakfastPreparation.csproj", "{5B92F453-9C4A-4207-8241-B2394A031170}"
EndProject
Project("{9A19103F-16F7-4668-BE54-9A1E7A4F7556}") = "BreakfastPreparationAsync", "BreakfastPreparationAsync\BreakfastPreparationAsync.csproj", "{F5162A76-EF2B-4A0A-B047-9A74BE2CFE1B}"
EndProject
Project("{FAE04EC0-301F-11D3-BF4B-00C04F79EFBC}") = "Exercice2", "Exercice2\Exercice2.csproj", "{D122E1D5-D17B-488C-AB8B-3DA54AEB429B}"
EndProject
Project("{FAE04EC0-301F-11D3-BF4B-00C04F79EFBC}") = "EvaluationCorrected", "EvaluationCorrected\EvaluationCorrected.csproj", "{63A99A48-D250-41D8-B646-D35EB506190E}"
EndProject
Global
	GlobalSection(SolutionConfigurationPlatforms) = preSolution
		Debug|Any CPU = Debug|Any CPU
		Release|Any CPU = Release|Any CPU
	EndGlobalSection
	GlobalSection(ProjectConfigurationPlatforms) = postSolution
		{AE452E4C-4B61-4DC7-BC2B-55B69DC37C0B}.Debug|Any CPU.ActiveCfg = Debug|Any CPU
		{AE452E4C-4B61-4DC7-BC2B-55B69DC37C0B}.Debug|Any CPU.Build.0 = Debug|Any CPU
		{AE452E4C-4B61-4DC7-BC2B-55B69DC37C0B}.Release|Any CPU.ActiveCfg = Release|Any CPU
		{AE452E4C-4B61-4DC7-BC2B-55B69DC37C0B}.Release|Any CPU.Build.0 = Release|Any CPU
		{9415C67E-B82E-4BE4-98A9-4D50A00DA879}.Debug|Any CPU.ActiveCfg = Debug|Any CPU
		{9415C67E-B82E-4BE4-98A9-4D50A00DA879}.Debug|Any CPU.Build.0 = Debug|Any CPU
		{9415C67E-B82E-4BE4-98A9-4D50A00DA879}.Release|Any CPU.ActiveCfg = Release|Any CPU
		{9415C67E-B82E-4BE4-98A9-4D50A00DA879}.Release|Any CPU.Build.0 = Release|Any CPU
		{5B92F453-9C4A-4207-8241-B2394A031170}.Debug|Any CPU.ActiveCfg = Debug|Any CPU
		{5B92F453-9C4A-4207-8241-B2394A031170}.Debug|Any CPU.Build.0 = Debug|Any CPU
		{5B92F453-9C4A-4207-8241-B2394A031170}.Release|Any CPU.ActiveCfg = Release|Any CPU
		{5B92F453-9C4A-4207-8241-B2394A031170}.Release|Any CPU.Build.0 = Release|Any CPU
		{F5162A76-EF2B-4A0A-B047-9A74BE2CFE1B}.Debug|Any CPU.ActiveCfg = Debug|Any CPU
		{F5162A76-EF2B-4A0A-B047-9A74BE2CFE1B}.Debug|Any CPU.Build.0 = Debug|Any CPU
		{F5162A76-EF2B-4A0A-B047-9A74BE2CFE1B}.Release|Any CPU.ActiveCfg = Release|Any CPU
		{F5162A76-EF2B-4A0A-B047-9A74BE2CFE1B}.Release|Any CPU.Build.0 = Release|Any CPU
		{D122E1D5-D17B-488C-AB8B-3DA54AEB429B}.Debug|Any CPU.ActiveCfg = Debug|Any CPU
		{D122E1D5-D17B-488C-AB8B-3DA54AEB429B}.Debug|Any CPU.Build.0 = Debug|Any CPU
		{D122E1D5-D17B-488C-AB8B-3DA54AEB429B}.Release|Any CPU.ActiveCfg = Release|Any CPU
		{D122E1D5-D17B-488C-AB8B-3DA54AEB429B}.Release|Any CPU.Build.0 = Release|Any CPU
		{63A99A48-D250-41D8-B646-D35EB506190E}.Debug|Any CPU.ActiveCfg = Debug|Any CPU
		{63A99A48-D250-41D8-B646-D35EB506190E}.Debug|Any CPU.Build.0 = Debug|Any CPU
		{63A99A48-D250-41D8-B646-D35EB506190E}.Release|Any CPU.ActiveCfg = Release|Any CPU
		{63A99A48-D250-41D8-B646-D35EB506190E}.Release|Any CPU.Build.0 = Release|Any CPU
	EndGlobalSection
	GlobalSection(SolutionProperties) = preSolution
		HideSolutionNode = FALSE
	EndGlobalSection
	GlobalSection(ExtensibilityGlobals) = postSolution
		SolutionGuid = {9B25E292-83C3-4DD6-B79B-CC0DCCCEF3E9}
	EndGlobalSection
EndGlobal
